{
  "originHash" : "f8a0db239c6de4472428fbeb321c7ff5b436762d439ad53f723aadd3e23e5cb2",
  "pins" : [
    {
      "identity" : "stripe-ios",
      "kind" : "remoteSourceControl",
      "location" : "https://github.com/stripe/stripe-ios",
      "state" : {
        "revision" : "2412355d29402d083d3d9f3d34e40ef29d09c976",
        "version" : "24.16.1"
      }
    }
  ],
  "version" : 3
}
