{
  "originHash" : "b9225c614db1fe7542795f61bc56435180c4372db35345ee26cad9421eb227f0",
  "pins" : [
    {
      "identity" : "crisp-sdk-ios",
      "kind" : "remoteSourceControl",
      "location" : "https://github.com/crisp-im/crisp-sdk-ios.git",
      "state" : {
        "revision" : "30991356e5ee97153729c95fa1978f227328980a",
        "version" : "2.11.0"
      }
    },
    {
      "identity" : "stripe-ios",
      "kind" : "remoteSourceControl",
      "location" : "https://github.com/stripe/stripe-ios",
      "state" : {
        "revision" : "9df5f92bd54fbc62d83373ba9c5a5de3f4f68e9d",
        "version" : "24.24.3"
      }
    }
  ],
  "version" : 3
}
