{
  "originHash" : "ae0361a49e92646d2a0cf12e8e7f212f09aad8d65f4ac4b7200469f74571e08a",
  "pins" : [
    {
      "identity" : "codescanner",
      "kind" : "remoteSourceControl",
      "location" : "https://github.com/twostraws/CodeScanner",
      "state" : {
        "revision" : "5e886430238944c7200fc9e10dbf2d9550dba865",
        "version" : "2.5.2"
      }
    },
    {
      "identity" : "crisp-sdk-ios",
      "kind" : "remoteSourceControl",
      "location" : "https://github.com/crisp-im/crisp-sdk-ios.git",
      "state" : {
        "revision" : "b619eb17895cf283a2bf1297feab69b9d37ef1a4",
        "version" : "2.12.0"
      }
    },
    {
      "identity" : "stripe-ios",
      "kind" : "remoteSourceControl",
      "location" : "https://github.com/stripe/stripe-ios",
      "state" : {
        "revision" : "dfc152145ced35e248e6fda5a8d6eb620bfcd74f",
        "version" : "24.25.0"
      }
    }
  ],
  "version" : 3
}
