// !$*UTF8*$!
{
	archiveVersion = 1;
	classes = {
	};
	objectVersion = 77;
	objects = {

/* Begin PBXBuildFile section */
		4C1745A92DEE4B1E00A51DCA /* StripePaymentSheet in Frameworks */ = {isa = PBXBuildFile; productRef = 4C1745A82DEE4B1E00A51DCA /* StripePaymentSheet */; };
		4C1745AB2DEE4B3200A51DCA /* StripeCardScan in Frameworks */ = {isa = PBXBuildFile; productRef = 4C1745AA2DEE4B3200A51DCA /* StripeCardScan */; };
		4C1745AD2DEE4B6B00A51DCA /* StripePaymentSheet in Frameworks */ = {isa = PBXBuildFile; productRef = 4C1745AC2DEE4B6B00A51DCA /* StripePaymentSheet */; };
		4C1745AF2DEE4B7200A51DCA /* Stripe in Frameworks */ = {isa = PBXBuildFile; productRef = 4C1745AE2DEE4B7200A51DCA /* Stripe */; };
		4C1745B12DEE4FEE00A51DCA /* StripePaymentsUI in Frameworks */ = {isa = PBXBuildFile; productRef = 4C1745B02DEE4FEE00A51DCA /* StripePaymentsUI */; };
		4C1745B32DEE4FF400A51DCA /* StripePaymentsUI in Frameworks */ = {isa = PBXBuildFile; productRef = 4C1745B22DEE4FF400A51DCA /* StripePaymentsUI */; };
		8EA1ADBF2DD44DA9007148E6 /* Stripe in Frameworks */ = {isa = PBXBuildFile; productRef = 8EA1ADBE2DD44DA9007148E6 /* Stripe */; };
		8EA1ADC12DD44DA9007148E6 /* StripeCardScan in Frameworks */ = {isa = PBXBuildFile; productRef = 8EA1ADC02DD44DA9007148E6 /* StripeCardScan */; };
/* End PBXBuildFile section */

/* Begin PBXContainerItemProxy section */
		8EA1ADEB2DD850DA007148E6 /* PBXContainerItemProxy */ = {
			isa = PBXContainerItemProxy;
			containerPortal = 8EA1ADA72DD44C53007148E6 /* Project object */;
			proxyType = 1;
			remoteGlobalIDString = 8EA1ADAE2DD44C53007148E6;
			remoteInfo = "veygo-apartment-swift";
		};
/* End PBXContainerItemProxy section */

/* Begin PBXFileReference section */
		8EA1ADAF2DD44C53007148E6 /* veygo-apartment-swift.app */ = {isa = PBXFileReference; explicitFileType = wrapper.application; includeInIndex = 0; path = "veygo-apartment-swift.app"; sourceTree = BUILT_PRODUCTS_DIR; };
		8EA1ADE72DD850DA007148E6 /* veygo-apartment-swift-tests.xctest */ = {isa = PBXFileReference; explicitFileType = wrapper.cfbundle; includeInIndex = 0; path = "veygo-apartment-swift-tests.xctest"; sourceTree = BUILT_PRODUCTS_DIR; };
/* End PBXFileReference section */

/* Begin PBXFileSystemSynchronizedBuildFileExceptionSet section */
		8ED6C0782DE8D28E00DA1DFE /* Exceptions for "veygo-apartment-swift" folder in "veygo-apartment-swift" target */ = {
			isa = PBXFileSystemSynchronizedBuildFileExceptionSet;
			membershipExceptions = (
				Info.plist,
			);
			target = 8EA1ADAE2DD44C53007148E6 /* veygo-apartment-swift */;
		};
/* End PBXFileSystemSynchronizedBuildFileExceptionSet section */

/* Begin PBXFileSystemSynchronizedRootGroup section */
		8EA1ADB12DD44C53007148E6 /* veygo-apartment-swift */ = {
			isa = PBXFileSystemSynchronizedRootGroup;
			exceptions = (
				8ED6C0782DE8D28E00DA1DFE /* Exceptions for "veygo-apartment-swift" folder in "veygo-apartment-swift" target */,
			);
			path = "veygo-apartment-swift";
			sourceTree = "<group>";
		};
		8EA1ADE82DD850DA007148E6 /* veygo-apartment-swift-tests */ = {
			isa = PBXFileSystemSynchronizedRootGroup;
			path = "veygo-apartment-swift-tests";
			sourceTree = "<group>";
		};
/* End PBXFileSystemSynchronizedRootGroup section */

/* Begin PBXFrameworksBuildPhase section */
		8EA1ADAC2DD44C53007148E6 /* Frameworks */ = {
			isa = PBXFrameworksBuildPhase;
			buildActionMask = 2147483647;
			files = (
				8EA1ADC12DD44DA9007148E6 /* StripeCardScan in Frameworks */,
				4C1745AD2DEE4B6B00A51DCA /* StripePaymentSheet in Frameworks */,
				4C1745B12DEE4FEE00A51DCA /* StripePaymentsUI in Frameworks */,
				8EA1ADBF2DD44DA9007148E6 /* Stripe in Frameworks */,
			);
			runOnlyForDeploymentPostprocessing = 0;
		};
		8EA1ADE42DD850DA007148E6 /* Frameworks */ = {
			isa = PBXFrameworksBuildPhase;
			buildActionMask = 2147483647;
			files = (
				4C1745AB2DEE4B3200A51DCA /* StripeCardScan in Frameworks */,
				4C1745A92DEE4B1E00A51DCA /* StripePaymentSheet in Frameworks */,
				4C1745B32DEE4FF400A51DCA /* StripePaymentsUI in Frameworks */,
				4C1745AF2DEE4B7200A51DCA /* Stripe in Frameworks */,
			);
			runOnlyForDeploymentPostprocessing = 0;
		};
/* End PBXFrameworksBuildPhase section */

/* Begin PBXGroup section */
		4C1745A72DEE4B1E00A51DCA /* Frameworks */ = {
			isa = PBXGroup;
			children = (
			);
			name = Frameworks;
			sourceTree = "<group>";
		};
		8EA1ADA62DD44C53007148E6 = {
			isa = PBXGroup;
			children = (
				8EA1ADB12DD44C53007148E6 /* veygo-apartment-swift */,
				8EA1ADE82DD850DA007148E6 /* veygo-apartment-swift-tests */,
				4C1745A72DEE4B1E00A51DCA /* Frameworks */,
				8EA1ADB02DD44C53007148E6 /* Products */,
			);
			sourceTree = "<group>";
		};
		8EA1ADB02DD44C53007148E6 /* Products */ = {
			isa = PBXGroup;
			children = (
				8EA1ADAF2DD44C53007148E6 /* veygo-apartment-swift.app */,
				8EA1ADE72DD850DA007148E6 /* veygo-apartment-swift-tests.xctest */,
			);
			name = Products;
			sourceTree = "<group>";
		};
/* End PBXGroup section */

/* Begin PBXNativeTarget section */
		8EA1ADAE2DD44C53007148E6 /* veygo-apartment-swift */ = {
			isa = PBXNativeTarget;
			buildConfigurationList = 8EA1ADBA2DD44C54007148E6 /* Build configuration list for PBXNativeTarget "veygo-apartment-swift" */;
			buildPhases = (
				8EA1ADAB2DD44C53007148E6 /* Sources */,
				8EA1ADAC2DD44C53007148E6 /* Frameworks */,
				8EA1ADAD2DD44C53007148E6 /* Resources */,
			);
			buildRules = (
			);
			dependencies = (
			);
			fileSystemSynchronizedGroups = (
				8EA1ADB12DD44C53007148E6 /* veygo-apartment-swift */,
			);
			name = "veygo-apartment-swift";
			packageProductDependencies = (
				8EA1ADBE2DD44DA9007148E6 /* Stripe */,
				8EA1ADC02DD44DA9007148E6 /* StripeCardScan */,
				4C1745AC2DEE4B6B00A51DCA /* StripePaymentSheet */,
				4C1745B02DEE4FEE00A51DCA /* StripePaymentsUI */,
			);
			productName = "veygo-apartment-swift";
			productReference = 8EA1ADAF2DD44C53007148E6 /* veygo-apartment-swift.app */;
			productType = "com.apple.product-type.application";
		};
		8EA1ADE62DD850DA007148E6 /* veygo-apartment-swift-tests */ = {
			isa = PBXNativeTarget;
			buildConfigurationList = 8EA1ADEF2DD850DA007148E6 /* Build configuration list for PBXNativeTarget "veygo-apartment-swift-tests" */;
			buildPhases = (
				8EA1ADE32DD850DA007148E6 /* Sources */,
				8EA1ADE42DD850DA007148E6 /* Frameworks */,
				8EA1ADE52DD850DA007148E6 /* Resources */,
			);
			buildRules = (
			);
			dependencies = (
				8EA1ADEC2DD850DA007148E6 /* PBXTargetDependency */,
			);
			fileSystemSynchronizedGroups = (
				8EA1ADE82DD850DA007148E6 /* veygo-apartment-swift-tests */,
			);
			name = "veygo-apartment-swift-tests";
			packageProductDependencies = (
				4C1745A82DEE4B1E00A51DCA /* StripePaymentSheet */,
				4C1745AA2DEE4B3200A51DCA /* StripeCardScan */,
				4C1745AE2DEE4B7200A51DCA /* Stripe */,
				4C1745B22DEE4FF400A51DCA /* StripePaymentsUI */,
			);
			productName = "veygo-apartment-swift-tests";
			productReference = 8EA1ADE72DD850DA007148E6 /* veygo-apartment-swift-tests.xctest */;
			productType = "com.apple.product-type.bundle.unit-test";
		};
/* End PBXNativeTarget section */

/* Begin PBXProject section */
		8EA1ADA72DD44C53007148E6 /* Project object */ = {
			isa = PBXProject;
			attributes = {
				BuildIndependentTargetsInParallel = 1;
				LastSwiftUpdateCheck = 1630;
				LastUpgradeCheck = 2600;
				TargetAttributes = {
					8EA1ADAE2DD44C53007148E6 = {
						CreatedOnToolsVersion = 16.3;
					};
					8EA1ADE62DD850DA007148E6 = {
						CreatedOnToolsVersion = 16.3;
						TestTargetID = 8EA1ADAE2DD44C53007148E6;
					};
				};
			};
			buildConfigurationList = 8EA1ADAA2DD44C53007148E6 /* Build configuration list for PBXProject "veygo-apartment-swift" */;
			developmentRegion = en;
			hasScannedForEncodings = 0;
			knownRegions = (
				en,
				Base,
			);
			mainGroup = 8EA1ADA62DD44C53007148E6;
			minimizedProjectReferenceProxies = 1;
			packageReferences = (
				8EA1ADBD2DD44DA9007148E6 /* XCRemoteSwiftPackageReference "stripe-ios" */,
			);
			preferredProjectObjectVersion = 77;
			productRefGroup = 8EA1ADB02DD44C53007148E6 /* Products */;
			projectDirPath = "";
			projectRoot = "";
			targets = (
				8EA1ADAE2DD44C53007148E6 /* veygo-apartment-swift */,
				8EA1ADE62DD850DA007148E6 /* veygo-apartment-swift-tests */,
			);
		};
/* End PBXProject section */

/* Begin PBXResourcesBuildPhase section */
		8EA1ADAD2DD44C53007148E6 /* Resources */ = {
			isa = PBXResourcesBuildPhase;
			buildActionMask = 2147483647;
			files = (
			);
			runOnlyForDeploymentPostprocessing = 0;
		};
		8EA1ADE52DD850DA007148E6 /* Resources */ = {
			isa = PBXResourcesBuildPhase;
			buildActionMask = 2147483647;
			files = (
			);
			runOnlyForDeploymentPostprocessing = 0;
		};
/* End PBXResourcesBuildPhase section */

/* Begin PBXSourcesBuildPhase section */
		8EA1ADAB2DD44C53007148E6 /* Sources */ = {
			isa = PBXSourcesBuildPhase;
			buildActionMask = 2147483647;
			files = (
			);
			runOnlyForDeploymentPostprocessing = 0;
		};
		8EA1ADE32DD850DA007148E6 /* Sources */ = {
			isa = PBXSourcesBuildPhase;
			buildActionMask = 2147483647;
			files = (
			);
			runOnlyForDeploymentPostprocessing = 0;
		};
/* End PBXSourcesBuildPhase section */

/* Begin PBXTargetDependency section */
		8EA1ADEC2DD850DA007148E6 /* PBXTargetDependency */ = {
			isa = PBXTargetDependency;
			target = 8EA1ADAE2DD44C53007148E6 /* veygo-apartment-swift */;
			targetProxy = 8EA1ADEB2DD850DA007148E6 /* PBXContainerItemProxy */;
		};
/* End PBXTargetDependency section */

/* Begin XCBuildConfiguration section */
		8EA1ADB82DD44C54007148E6 /* Debug */ = {
			isa = XCBuildConfiguration;
			buildSettings = {
				ALWAYS_SEARCH_USER_PATHS = NO;
				ASSETCATALOG_COMPILER_GENERATE_SWIFT_ASSET_SYMBOL_EXTENSIONS = YES;
				CLANG_ANALYZER_NONNULL = YES;
				CLANG_ANALYZER_NUMBER_OBJECT_CONVERSION = YES_AGGRESSIVE;
				CLANG_CXX_LANGUAGE_STANDARD = "gnu++20";
				CLANG_ENABLE_MODULES = YES;
				CLANG_ENABLE_OBJC_ARC = YES;
				CLANG_ENABLE_OBJC_WEAK = YES;
				CLANG_WARN_BLOCK_CAPTURE_AUTORELEASING = YES;
				CLANG_WARN_BOOL_CONVERSION = YES;
				CLANG_WARN_COMMA = YES;
				CLANG_WARN_CONSTANT_CONVERSION = YES;
				CLANG_WARN_DEPRECATED_OBJC_IMPLEMENTATIONS = YES;
				CLANG_WARN_DIRECT_OBJC_ISA_USAGE = YES_ERROR;
				CLANG_WARN_DOCUMENTATION_COMMENTS = YES;
				CLANG_WARN_EMPTY_BODY = YES;
				CLANG_WARN_ENUM_CONVERSION = YES;
				CLANG_WARN_INFINITE_RECURSION = YES;
				CLANG_WARN_INT_CONVERSION = YES;
				CLANG_WARN_NON_LITERAL_NULL_CONVERSION = YES;
				CLANG_WARN_OBJC_IMPLICIT_RETAIN_SELF = YES;
				CLANG_WARN_OBJC_LITERAL_CONVERSION = YES;
				CLANG_WARN_OBJC_ROOT_CLASS = YES_ERROR;
				CLANG_WARN_QUOTED_INCLUDE_IN_FRAMEWORK_HEADER = YES;
				CLANG_WARN_RANGE_LOOP_ANALYSIS = YES;
				CLANG_WARN_STRICT_PROTOTYPES = YES;
				CLANG_WARN_SUSPICIOUS_MOVE = YES;
				CLANG_WARN_UNGUARDED_AVAILABILITY = YES_AGGRESSIVE;
				CLANG_WARN_UNREACHABLE_CODE = YES;
				CLANG_WARN__DUPLICATE_METHOD_MATCH = YES;
				COPY_PHASE_STRIP = NO;
				DEBUG_INFORMATION_FORMAT = dwarf;
				DEVELOPMENT_TEAM = F84843HABV;
				ENABLE_STRICT_OBJC_MSGSEND = YES;
				ENABLE_TESTABILITY = YES;
				ENABLE_USER_SCRIPT_SANDBOXING = YES;
				GCC_C_LANGUAGE_STANDARD = gnu17;
				GCC_DYNAMIC_NO_PIC = NO;
				GCC_NO_COMMON_BLOCKS = YES;
				GCC_OPTIMIZATION_LEVEL = 0;
				GCC_PREPROCESSOR_DEFINITIONS = (
					"DEBUG=1",
					"$(inherited)",
				);
				GCC_WARN_64_TO_32_BIT_CONVERSION = YES;
				GCC_WARN_ABOUT_RETURN_TYPE = YES_ERROR;
				GCC_WARN_UNDECLARED_SELECTOR = YES;
				GCC_WARN_UNINITIALIZED_AUTOS = YES_AGGRESSIVE;
				GCC_WARN_UNUSED_FUNCTION = YES;
				GCC_WARN_UNUSED_VARIABLE = YES;
				IPHONEOS_DEPLOYMENT_TARGET = 18.4;
				LOCALIZATION_PREFERS_STRING_CATALOGS = YES;
				MTL_ENABLE_DEBUG_INFO = INCLUDE_SOURCE;
				MTL_FAST_MATH = YES;
				ONLY_ACTIVE_ARCH = YES;
				SDKROOT = iphoneos;
				STRING_CATALOG_GENERATE_SYMBOLS = YES;
				SWIFT_ACTIVE_COMPILATION_CONDITIONS = "DEBUG $(inherited)";
				SWIFT_OPTIMIZATION_LEVEL = "-Onone";
			};
			name = Debug;
		};
		8EA1ADB92DD44C54007148E6 /* Release */ = {
			isa = XCBuildConfiguration;
			buildSettings = {
				ALWAYS_SEARCH_USER_PATHS = NO;
				ASSETCATALOG_COMPILER_GENERATE_SWIFT_ASSET_SYMBOL_EXTENSIONS = YES;
				CLANG_ANALYZER_NONNULL = YES;
				CLANG_ANALYZER_NUMBER_OBJECT_CONVERSION = YES_AGGRESSIVE;
				CLANG_CXX_LANGUAGE_STANDARD = "gnu++20";
				CLANG_ENABLE_MODULES = YES;
				CLANG_ENABLE_OBJC_ARC = YES;
				CLANG_ENABLE_OBJC_WEAK = YES;
				CLANG_WARN_BLOCK_CAPTURE_AUTORELEASING = YES;
				CLANG_WARN_BOOL_CONVERSION = YES;
				CLANG_WARN_COMMA = YES;
				CLANG_WARN_CONSTANT_CONVERSION = YES;
				CLANG_WARN_DEPRECATED_OBJC_IMPLEMENTATIONS = YES;
				CLANG_WARN_DIRECT_OBJC_ISA_USAGE = YES_ERROR;
				CLANG_WARN_DOCUMENTATION_COMMENTS = YES;
				CLANG_WARN_EMPTY_BODY = YES;
				CLANG_WARN_ENUM_CONVERSION = YES;
				CLANG_WARN_INFINITE_RECURSION = YES;
				CLANG_WARN_INT_CONVERSION = YES;
				CLANG_WARN_NON_LITERAL_NULL_CONVERSION = YES;
				CLANG_WARN_OBJC_IMPLICIT_RETAIN_SELF = YES;
				CLANG_WARN_OBJC_LITERAL_CONVERSION = YES;
				CLANG_WARN_OBJC_ROOT_CLASS = YES_ERROR;
				CLANG_WARN_QUOTED_INCLUDE_IN_FRAMEWORK_HEADER = YES;
				CLANG_WARN_RANGE_LOOP_ANALYSIS = YES;
				CLANG_WARN_STRICT_PROTOTYPES = YES;
				CLANG_WARN_SUSPICIOUS_MOVE = YES;
				CLANG_WARN_UNGUARDED_AVAILABILITY = YES_AGGRESSIVE;
				CLANG_WARN_UNREACHABLE_CODE = YES;
				CLANG_WARN__DUPLICATE_METHOD_MATCH = YES;
				COPY_PHASE_STRIP = NO;
				DEBUG_INFORMATION_FORMAT = "dwarf-with-dsym";
				DEVELOPMENT_TEAM = F84843HABV;
				ENABLE_NS_ASSERTIONS = NO;
				ENABLE_STRICT_OBJC_MSGSEND = YES;
				ENABLE_USER_SCRIPT_SANDBOXING = YES;
				GCC_C_LANGUAGE_STANDARD = gnu17;
				GCC_NO_COMMON_BLOCKS = YES;
				GCC_WARN_64_TO_32_BIT_CONVERSION = YES;
				GCC_WARN_ABOUT_RETURN_TYPE = YES_ERROR;
				GCC_WARN_UNDECLARED_SELECTOR = YES;
				GCC_WARN_UNINITIALIZED_AUTOS = YES_AGGRESSIVE;
				GCC_WARN_UNUSED_FUNCTION = YES;
				GCC_WARN_UNUSED_VARIABLE = YES;
				IPHONEOS_DEPLOYMENT_TARGET = 18.4;
				LOCALIZATION_PREFERS_STRING_CATALOGS = YES;
				MTL_ENABLE_DEBUG_INFO = NO;
				MTL_FAST_MATH = YES;
				SDKROOT = iphoneos;
				STRING_CATALOG_GENERATE_SYMBOLS = YES;
				SWIFT_COMPILATION_MODE = wholemodule;
				VALIDATE_PRODUCT = YES;
			};
			name = Release;
		};
		8EA1ADBB2DD44C54007148E6 /* Debug */ = {
			isa = XCBuildConfiguration;
			buildSettings = {
				ASSETCATALOG_COMPILER_APPICON_NAME = "Veygo iOS Logo";
				ASSETCATALOG_COMPILER_GLOBAL_ACCENT_COLOR_NAME = AccentColor;
				CODE_SIGN_ENTITLEMENTS = "veygo-apartment-swift/veygo-apartment-swift.entitlements";
				CODE_SIGN_STYLE = Automatic;
				CURRENT_PROJECT_VERSION = 1;
				DEVELOPMENT_TEAM = F84843HABV;
				ENABLE_PREVIEWS = YES;
				GENERATE_INFOPLIST_FILE = YES;
				INFOPLIST_FILE = "veygo-apartment-swift/Info.plist";
				INFOPLIST_KEY_CFBundleDisplayName = "Rent Veygo";
				INFOPLIST_KEY_ITSAppUsesNonExemptEncryption = NO;
				INFOPLIST_KEY_LSApplicationCategoryType = "public.app-category.travel";
				INFOPLIST_KEY_NSCameraUsageDescription = "The camera will be utilized to capture credit card information as well as document the condition and any damages of the rental vehicle.";
				INFOPLIST_KEY_UIApplicationSceneManifest_Generation = YES;
				INFOPLIST_KEY_UIApplicationSupportsIndirectInputEvents = YES;
				INFOPLIST_KEY_UILaunchScreen_Generation = YES;
				INFOPLIST_KEY_UISupportedInterfaceOrientations = UIInterfaceOrientationPortrait;
				INFOPLIST_KEY_UISupportedInterfaceOrientations_iPad = "UIInterfaceOrientationLandscapeLeft UIInterfaceOrientationLandscapeRight UIInterfaceOrientationPortrait UIInterfaceOrientationPortraitUpsideDown";
				IPHONEOS_DEPLOYMENT_TARGET = 17;
				LD_RUNPATH_SEARCH_PATHS = (
					"$(inherited)",
					"@executable_path/Frameworks",
				);
				MARKETING_VERSION = 1.0.1;
				PRODUCT_BUNDLE_IDENTIFIER = "com.veygo-rent.veygo-apartment-swift";
				PRODUCT_NAME = "$(TARGET_NAME)";
				SUPPORTED_PLATFORMS = "iphoneos iphonesimulator";
				SUPPORTS_MACCATALYST = NO;
				SUPPORTS_MAC_DESIGNED_FOR_IPHONE_IPAD = NO;
				SUPPORTS_XR_DESIGNED_FOR_IPHONE_IPAD = NO;
				SWIFT_EMIT_LOC_STRINGS = YES;
				SWIFT_VERSION = 5.0;
				TARGETED_DEVICE_FAMILY = 1;
			};
			name = Debug;
		};
		8EA1ADBC2DD44C54007148E6 /* Release */ = {
			isa = XCBuildConfiguration;
			buildSettings = {
				ASSETCATALOG_COMPILER_APPICON_NAME = "Veygo iOS Logo";
				ASSETCATALOG_COMPILER_GLOBAL_ACCENT_COLOR_NAME = AccentColor;
				CODE_SIGN_ENTITLEMENTS = "veygo-apartment-swift/veygo-apartment-swift.entitlements";
				CODE_SIGN_STYLE = Automatic;
				CURRENT_PROJECT_VERSION = 1;
				DEVELOPMENT_TEAM = F84843HABV;
				ENABLE_PREVIEWS = YES;
				GENERATE_INFOPLIST_FILE = YES;
				INFOPLIST_FILE = "veygo-apartment-swift/Info.plist";
				INFOPLIST_KEY_CFBundleDisplayName = "Rent Veygo";
				INFOPLIST_KEY_ITSAppUsesNonExemptEncryption = NO;
				INFOPLIST_KEY_LSApplicationCategoryType = "public.app-category.travel";
				INFOPLIST_KEY_NSCameraUsageDescription = "The camera will be utilized to capture credit card information as well as document the condition and any damages of the rental vehicle.";
				INFOPLIST_KEY_UIApplicationSceneManifest_Generation = YES;
				INFOPLIST_KEY_UIApplicationSupportsIndirectInputEvents = YES;
				INFOPLIST_KEY_UILaunchScreen_Generation = YES;
				INFOPLIST_KEY_UISupportedInterfaceOrientations = UIInterfaceOrientationPortrait;
				INFOPLIST_KEY_UISupportedInterfaceOrientations_iPad = "UIInterfaceOrientationLandscapeLeft UIInterfaceOrientationLandscapeRight UIInterfaceOrientationPortrait UIInterfaceOrientationPortraitUpsideDown";
				IPHONEOS_DEPLOYMENT_TARGET = 17;
				LD_RUNPATH_SEARCH_PATHS = (
					"$(inherited)",
					"@executable_path/Frameworks",
				);
				MARKETING_VERSION = 1.0.1;
				PRODUCT_BUNDLE_IDENTIFIER = "com.veygo-rent.veygo-apartment-swift";
				PRODUCT_NAME = "$(TARGET_NAME)";
				SUPPORTED_PLATFORMS = "iphoneos iphonesimulator";
				SUPPORTS_MACCATALYST = NO;
				SUPPORTS_MAC_DESIGNED_FOR_IPHONE_IPAD = NO;
				SUPPORTS_XR_DESIGNED_FOR_IPHONE_IPAD = NO;
				SWIFT_EMIT_LOC_STRINGS = YES;
				SWIFT_VERSION = 5.0;
				TARGETED_DEVICE_FAMILY = 1;
			};
			name = Release;
		};
		8EA1ADED2DD850DA007148E6 /* Debug */ = {
			isa = XCBuildConfiguration;
			buildSettings = {
				BUNDLE_LOADER = "$(TEST_HOST)";
				CODE_SIGN_STYLE = Automatic;
				CURRENT_PROJECT_VERSION = 1;
				DEVELOPMENT_TEAM = F84843HABV;
				GENERATE_INFOPLIST_FILE = YES;
				IPHONEOS_DEPLOYMENT_TARGET = 17;
				MARKETING_VERSION = 1.0;
				PRODUCT_BUNDLE_IDENTIFIER = "com.veygo-rent.veygo-apartment-swift-tests";
				PRODUCT_NAME = "$(TARGET_NAME)";
				SUPPORTED_PLATFORMS = "iphoneos iphonesimulator";
				SUPPORTS_MACCATALYST = NO;
				SUPPORTS_MAC_DESIGNED_FOR_IPHONE_IPAD = NO;
				SUPPORTS_XR_DESIGNED_FOR_IPHONE_IPAD = NO;
				SWIFT_EMIT_LOC_STRINGS = NO;
				SWIFT_VERSION = 5.0;
				TARGETED_DEVICE_FAMILY = 1;
				TEST_HOST = "$(BUILT_PRODUCTS_DIR)/veygo-apartment-swift.app/$(BUNDLE_EXECUTABLE_FOLDER_PATH)/veygo-apartment-swift";
			};
			name = Debug;
		};
		8EA1ADEE2DD850DA007148E6 /* Release */ = {
			isa = XCBuildConfiguration;
			buildSettings = {
				BUNDLE_LOADER = "$(TEST_HOST)";
				CODE_SIGN_STYLE = Automatic;
				CURRENT_PROJECT_VERSION = 1;
				DEVELOPMENT_TEAM = F84843HABV;
				GENERATE_INFOPLIST_FILE = YES;
				IPHONEOS_DEPLOYMENT_TARGET = 17;
				MARKETING_VERSION = 1.0;
				PRODUCT_BUNDLE_IDENTIFIER = "com.veygo-rent.veygo-apartment-swift-tests";
				PRODUCT_NAME = "$(TARGET_NAME)";
				SUPPORTED_PLATFORMS = "iphoneos iphonesimulator";
				SUPPORTS_MACCATALYST = NO;
				SUPPORTS_MAC_DESIGNED_FOR_IPHONE_IPAD = NO;
				SUPPORTS_XR_DESIGNED_FOR_IPHONE_IPAD = NO;
				SWIFT_EMIT_LOC_STRINGS = NO;
				SWIFT_VERSION = 5.0;
				TARGETED_DEVICE_FAMILY = 1;
				TEST_HOST = "$(BUILT_PRODUCTS_DIR)/veygo-apartment-swift.app/$(BUNDLE_EXECUTABLE_FOLDER_PATH)/veygo-apartment-swift";
			};
			name = Release;
		};
/* End XCBuildConfiguration section */

/* Begin XCConfigurationList section */
		8EA1ADAA2DD44C53007148E6 /* Build configuration list for PBXProject "veygo-apartment-swift" */ = {
			isa = XCConfigurationList;
			buildConfigurations = (
				8EA1ADB82DD44C54007148E6 /* Debug */,
				8EA1ADB92DD44C54007148E6 /* Release */,
			);
			defaultConfigurationIsVisible = 0;
			defaultConfigurationName = Release;
		};
		8EA1ADBA2DD44C54007148E6 /* Build configuration list for PBXNativeTarget "veygo-apartment-swift" */ = {
			isa = XCConfigurationList;
			buildConfigurations = (
				8EA1ADBB2DD44C54007148E6 /* Debug */,
				8EA1ADBC2DD44C54007148E6 /* Release */,
			);
			defaultConfigurationIsVisible = 0;
			defaultConfigurationName = Release;
		};
		8EA1ADEF2DD850DA007148E6 /* Build configuration list for PBXNativeTarget "veygo-apartment-swift-tests" */ = {
			isa = XCConfigurationList;
			buildConfigurations = (
				8EA1ADED2DD850DA007148E6 /* Debug */,
				8EA1ADEE2DD850DA007148E6 /* Release */,
			);
			defaultConfigurationIsVisible = 0;
			defaultConfigurationName = Release;
		};
/* End XCConfigurationList section */

/* Begin XCRemoteSwiftPackageReference section */
		8EA1ADBD2DD44DA9007148E6 /* XCRemoteSwiftPackageReference "stripe-ios" */ = {
			isa = XCRemoteSwiftPackageReference;
			repositoryURL = "https://github.com/stripe/stripe-ios";
			requirement = {
				kind = upToNextMajorVersion;
				minimumVersion = 24.13.1;
			};
		};
/* End XCRemoteSwiftPackageReference section */

/* Begin XCSwiftPackageProductDependency section */
		4C1745A82DEE4B1E00A51DCA /* StripePaymentSheet */ = {
			isa = XCSwiftPackageProductDependency;
			package = 8EA1ADBD2DD44DA9007148E6 /* XCRemoteSwiftPackageReference "stripe-ios" */;
			productName = StripePaymentSheet;
		};
		4C1745AA2DEE4B3200A51DCA /* StripeCardScan */ = {
			isa = XCSwiftPackageProductDependency;
			package = 8EA1ADBD2DD44DA9007148E6 /* XCRemoteSwiftPackageReference "stripe-ios" */;
			productName = StripeCardScan;
		};
		4C1745AC2DEE4B6B00A51DCA /* StripePaymentSheet */ = {
			isa = XCSwiftPackageProductDependency;
			package = 8EA1ADBD2DD44DA9007148E6 /* XCRemoteSwiftPackageReference "stripe-ios" */;
			productName = StripePaymentSheet;
		};
		4C1745AE2DEE4B7200A51DCA /* Stripe */ = {
			isa = XCSwiftPackageProductDependency;
			package = 8EA1ADBD2DD44DA9007148E6 /* XCRemoteSwiftPackageReference "stripe-ios" */;
			productName = Stripe;
		};
		4C1745B02DEE4FEE00A51DCA /* StripePaymentsUI */ = {
			isa = XCSwiftPackageProductDependency;
			package = 8EA1ADBD2DD44DA9007148E6 /* XCRemoteSwiftPackageReference "stripe-ios" */;
			productName = StripePaymentsUI;
		};
		4C1745B22DEE4FF400A51DCA /* StripePaymentsUI */ = {
			isa = XCSwiftPackageProductDependency;
			package = 8EA1ADBD2DD44DA9007148E6 /* XCRemoteSwiftPackageReference "stripe-ios" */;
			productName = StripePaymentsUI;
		};
		8EA1ADBE2DD44DA9007148E6 /* Stripe */ = {
			isa = XCSwiftPackageProductDependency;
			package = 8EA1ADBD2DD44DA9007148E6 /* XCRemoteSwiftPackageReference "stripe-ios" */;
			productName = Stripe;
		};
		8EA1ADC02DD44DA9007148E6 /* StripeCardScan */ = {
			isa = XCSwiftPackageProductDependency;
			package = 8EA1ADBD2DD44DA9007148E6 /* XCRemoteSwiftPackageReference "stripe-ios" */;
			productName = StripeCardScan;
		};
/* End XCSwiftPackageProductDependency section */
	};
	rootObject = 8EA1ADA72DD44C53007148E6 /* Project object */;
}
